
Microsoft Visual Studio Solution File, Format Version 12.00
# Visual Studio Version 16
VisualStudioVersion = 16.0.30114.128
MinimumVisualStudioVersion = 10.0.40219.1
Project("{9A19103F-16F7-4668-BE54-9A1E7A4F7556}") = "BackofficeApp", "BackofficeApp\BackofficeApp.csproj", "{5DAECC4E-7D2D-4CED-A145-74F60091A899}"
EndProject
Project("{9A19103F-16F7-4668-BE54-9A1E7A4F7556}") = "FrontWebBlazor", "FrontWebBlazor\FrontWebBlazor.csproj", "{A506F6DF-17BA-4F55-90F3-C31C1DD7B788}"
EndProject
Project("{9A19103F-16F7-4668-BE54-9A1E7A4F7556}") = "BackofficeWebBlazor", "BackofficeWebBlazor\BackofficeWebBlazor.csproj", "{905592FC-A4EF-4A15-841C-54BD991AA352}"
EndProject
Project("{9A19103F-16F7-4668-BE54-9A1E7A4F7556}") = "HireHero.Shared", "Shared\HireHero.Shared.csproj", "{7F0CE2DC-8F16-4A67-8F34-EB14B46ECF6F}"
EndProject
Global
	GlobalSection(SolutionConfigurationPlatforms) = preSolution
		Debug|Any CPU = Debug|Any CPU
		Release|Any CPU = Release|Any CPU
	EndGlobalSection
	GlobalSection(ProjectConfigurationPlatforms) = postSolution
		{5DAECC4E-7D2D-4CED-A145-74F60091A899}.Debug|Any CPU.ActiveCfg = Debug|Any CPU
		{5DAECC4E-7D2D-4CED-A145-74F60091A899}.Debug|Any CPU.Build.0 = Debug|Any CPU
		{5DAECC4E-7D2D-4CED-A145-74F60091A899}.Release|Any CPU.ActiveCfg = Release|Any CPU
		{5DAECC4E-7D2D-4CED-A145-74F60091A899}.Release|Any CPU.Build.0 = Release|Any CPU
		{A506F6DF-17BA-4F55-90F3-C31C1DD7B788}.Debug|Any CPU.ActiveCfg = Debug|Any CPU
		{A506F6DF-17BA-4F55-90F3-C31C1DD7B788}.Debug|Any CPU.Build.0 = Debug|Any CPU
		{A506F6DF-17BA-4F55-90F3-C31C1DD7B788}.Release|Any CPU.ActiveCfg = Release|Any CPU
		{A506F6DF-17BA-4F55-90F3-C31C1DD7B788}.Release|Any CPU.Build.0 = Release|Any CPU
		{905592FC-A4EF-4A15-841C-54BD991AA352}.Debug|Any CPU.ActiveCfg = Debug|Any CPU
		{905592FC-A4EF-4A15-841C-54BD991AA352}.Debug|Any CPU.Build.0 = Debug|Any CPU
		{905592FC-A4EF-4A15-841C-54BD991AA352}.Release|Any CPU.ActiveCfg = Release|Any CPU
		{905592FC-A4EF-4A15-841C-54BD991AA352}.Release|Any CPU.Build.0 = Release|Any CPU
		{7F0CE2DC-8F16-4A67-8F34-EB14B46ECF6F}.Debug|Any CPU.ActiveCfg = Debug|Any CPU
		{7F0CE2DC-8F16-4A67-8F34-EB14B46ECF6F}.Debug|Any CPU.Build.0 = Debug|Any CPU
		{7F0CE2DC-8F16-4A67-8F34-EB14B46ECF6F}.Release|Any CPU.ActiveCfg = Release|Any CPU
		{7F0CE2DC-8F16-4A67-8F34-EB14B46ECF6F}.Release|Any CPU.Build.0 = Release|Any CPU
	EndGlobalSection
	GlobalSection(SolutionProperties) = preSolution
		HideSolutionNode = FALSE
	EndGlobalSection
	GlobalSection(ExtensibilityGlobals) = postSolution
		SolutionGuid = {775B1560-30C5-4E86-B5FE-ECB239104F2E}
	EndGlobalSection
EndGlobal
